# THIS IS AN AUTOGENERATED FILE. DO NOT EDIT THIS FILE DIRECTLY.
# yarn lockfile v1


angular-sanitize@^1.6.9:
  version "1.6.9"
  resolved "https://registry.yarnpkg.com/angular-sanitize/-/angular-sanitize-1.6.9.tgz#1adba33f6f513e5f93e3aca8071bef53666739ea"

angular@^1.6.9:
  version "1.6.9"
  resolved "https://registry.yarnpkg.com/angular/-/angular-1.6.9.tgz#bc812932e18909038412d594a5990f4bb66c0619"
